// !$*UTF8*$!
{
	archiveVersion = 1;
	classes = {
	};
	objectVersion = 46;
	objects = {

/* Begin PBXBuildFile section */
		F74D25661BDEF24B0098DC27 /* main.cpp in Sources */ = {isa = PBXBuildFile; fileRef = F74D25651BDEF24B0098DC27 /* main.cpp */; };
		F74D256D1BDEF33B0098DC27 /* BagMenuProg3B_wc.cpp in Sources */ = {isa = PBXBuildFile; fileRef = F74D256C1BDEF33B0098DC27 /* BagMenuProg3B_wc.cpp */; };
		F7FB46E81BE01A0900B2BFD1 /* ArrayListProg4_wClass.cpp in Sources */ = {isa = PBXBuildFile; fileRef = F7FB46E71BE01A0900B2BFD1 /* ArrayListProg4_wClass.cpp */; };
/* End PBXBuildFile section */

/* Begin PBXCopyFilesBuildPhase section */
		F74D25601BDEF24B0098DC27 /* CopyFiles */ = {
			isa = PBXCopyFilesBuildPhase;
			buildActionMask = 2147483647;
			dstPath = /usr/share/man/man1/;
			dstSubfolderSpec = 0;
			files = (
			);
			runOnlyForDeploymentPostprocessing = 1;
		};
/* End PBXCopyFilesBuildPhase section */

/* Begin PBXFileReference section */
		F74D25621BDEF24B0098DC27 /* CS341_Midterm */ = {isa = PBXFileReference; explicitFileType = "compiled.mach-o.executable"; includeInIndex = 0; path = CS341_Midterm; sourceTree = BUILT_PRODUCTS_DIR; };
		F74D25651BDEF24B0098DC27 /* main.cpp */ = {isa = PBXFileReference; lastKnownFileType = sourcecode.cpp.cpp; path = main.cpp; sourceTree = "<group>"; };
		F74D256C1BDEF33B0098DC27 /* BagMenuProg3B_wc.cpp */ = {isa = PBXFileReference; fileEncoding = 4; lastKnownFileType = sourcecode.cpp.cpp; path = BagMenuProg3B_wc.cpp; sourceTree = "<group>"; };
		F74D256E1BDEF3C40098DC27 /* BagMenuProg3B_wc.h */ = {isa = PBXFileReference; lastKnownFileType = sourcecode.c.h; path = BagMenuProg3B_wc.h; sourceTree = "<group>"; };
		F7FB46E71BE01A0900B2BFD1 /* ArrayListProg4_wClass.cpp */ = {isa = PBXFileReference; fileEncoding = 4; lastKnownFileType = sourcecode.cpp.cpp; path = ArrayListProg4_wClass.cpp; sourceTree = "<group>"; };
		F7FB46E91BE01AA300B2BFD1 /* ArrayListProg4_wClass.h */ = {isa = PBXFileReference; lastKnownFileType = sourcecode.c.h; path = ArrayListProg4_wClass.h; sourceTree = "<group>"; };
/* End PBXFileReference section */

/* Begin PBXFrameworksBuildPhase section */
		F74D255F1BDEF24B0098DC27 /* Frameworks */ = {
			isa = PBXFrameworksBuildPhase;
			buildActionMask = 2147483647;
			files = (
			);
			runOnlyForDeploymentPostprocessing = 0;
		};
/* End PBXFrameworksBuildPhase section */

/* Begin PBXGroup section */
		F74D25591BDEF24B0098DC27 = {
			isa = PBXGroup;
			children = (
				F74D25641BDEF24B0098DC27 /* CS341_Midterm */,
				F74D25631BDEF24B0098DC27 /* Products */,
			);
			sourceTree = "<group>";
		};
		F74D25631BDEF24B0098DC27 /* Products */ = {
			isa = PBXGroup;
			children = (
				F74D25621BDEF24B0098DC27 /* CS341_Midterm */,
			);
			name = Products;
			sourceTree = "<group>";
		};
		F74D25641BDEF24B0098DC27 /* CS341_Midterm */ = {
			isa = PBXGroup;
			children = (
				F7FB46E71BE01A0900B2BFD1 /* ArrayListProg4_wClass.cpp */,
				F7FB46E91BE01AA300B2BFD1 /* ArrayListProg4_wClass.h */,
				F74D256C1BDEF33B0098DC27 /* BagMenuProg3B_wc.cpp */,
				F74D256E1BDEF3C40098DC27 /* BagMenuProg3B_wc.h */,
				F74D25651BDEF24B0098DC27 /* main.cpp */,
			);
			path = CS341_Midterm;
			sourceTree = "<group>";
		};
/* End PBXGroup section */

/* Begin PBXNativeTarget section */
		F74D25611BDEF24B0098DC27 /* CS341_Midterm */ = {
			isa = PBXNativeTarget;
			buildConfigurationList = F74D25691BDEF24B0098DC27 /* Build configuration list for PBXNativeTarget "CS341_Midterm" */;
			buildPhases = (
				F74D255E1BDEF24B0098DC27 /* Sources */,
				F74D255F1BDEF24B0098DC27 /* Frameworks */,
				F74D25601BDEF24B0098DC27 /* CopyFiles */,
			);
			buildRules = (
			);
			dependencies = (
			);
			name = CS341_Midterm;
			productName = CS341_Midterm;
			productReference = F74D25621BDEF24B0098DC27 /* CS341_Midterm */;
			productType = "com.apple.product-type.tool";
		};
/* End PBXNativeTarget section */

/* Begin PBXProject section */
		F74D255A1BDEF24B0098DC27 /* Project object */ = {
			isa = PBXProject;
			attributes = {
				LastUpgradeCheck = 0710;
				ORGANIZATIONNAME = "Ben Bernays";
				TargetAttributes = {
					F74D25611BDEF24B0098DC27 = {
						CreatedOnToolsVersion = 7.1;
					};
				};
			};
			buildConfigurationList = F74D255D1BDEF24B0098DC27 /* Build configuration list for PBXProject "CS341_Midterm" */;
			compatibilityVersion = "Xcode 3.2";
			developmentRegion = English;
			hasScannedForEncodings = 0;
			knownRegions = (
				en,
			);
			mainGroup = F74D25591BDEF24B0098DC27;
			productRefGroup = F74D25631BDEF24B0098DC27 /* Products */;
			projectDirPath = "";
			projectRoot = "";
			targets = (
				F74D25611BDEF24B0098DC27 /* CS341_Midterm */,
			);
		};
/* End PBXProject section */

/* Begin PBXSourcesBuildPhase section */
		F74D255E1BDEF24B0098DC27 /* Sources */ = {
			isa = PBXSourcesBuildPhase;
			buildActionMask = 2147483647;
			files = (
				F7FB46E81BE01A0900B2BFD1 /* ArrayListProg4_wClass.cpp in Sources */,
				F74D256D1BDEF33B0098DC27 /* BagMenuProg3B_wc.cpp in Sources */,
				F74D25661BDEF24B0098DC27 /* main.cpp in Sources */,
			);
			runOnlyForDeploymentPostprocessing = 0;
		};
/* End PBXSourcesBuildPhase section */

/* Begin XCBuildConfiguration section */
		F74D25671BDEF24B0098DC27 /* Debug */ = {
			isa = XCBuildConfiguration;
			buildSettings = {
				ALWAYS_SEARCH_USER_PATHS = NO;
				CLANG_CXX_LANGUAGE_STANDARD = "gnu++0x";
				CLANG_CXX_LIBRARY = "libc++";
				CLANG_ENABLE_MODULES = YES;
				CLANG_ENABLE_OBJC_ARC = YES;
				CLANG_WARN_BOOL_CONVERSION = YES;
				CLANG_WARN_CONSTANT_CONVERSION = YES;
				CLANG_WARN_DIRECT_OBJC_ISA_USAGE = YES_ERROR;
				CLANG_WARN_EMPTY_BODY = YES;
				CLANG_WARN_ENUM_CONVERSION = YES;
				CLANG_WARN_INT_CONVERSION = YES;
				CLANG_WARN_OBJC_ROOT_CLASS = YES_ERROR;
				CLANG_WARN_UNREACHABLE_CODE = YES;
				CLANG_WARN__DUPLICATE_METHOD_MATCH = YES;
				CODE_SIGN_IDENTITY = "-";
				COPY_PHASE_STRIP = NO;
				DEBUG_INFORMATION_FORMAT = dwarf;
				ENABLE_STRICT_OBJC_MSGSEND = YES;
				ENABLE_TESTABILITY = YES;
				GCC_C_LANGUAGE_STANDARD = gnu99;
				GCC_DYNAMIC_NO_PIC = NO;
				GCC_NO_COMMON_BLOCKS = YES;
				GCC_OPTIMIZATION_LEVEL = 0;
				GCC_PREPROCESSOR_DEFINITIONS = (
					"DEBUG=1",
					"$(inherited)",
				);
				GCC_WARN_64_TO_32_BIT_CONVERSION = YES;
				GCC_WARN_ABOUT_RETURN_TYPE = YES_ERROR;
				GCC_WARN_UNDECLARED_SELECTOR = YES;
				GCC_WARN_UNINITIALIZED_AUTOS = YES_AGGRESSIVE;
				GCC_WARN_UNUSED_FUNCTION = YES;
				GCC_WARN_UNUSED_VARIABLE = YES;
				MACOSX_DEPLOYMENT_TARGET = 10.11;
				MTL_ENABLE_DEBUG_INFO = YES;
				ONLY_ACTIVE_ARCH = YES;
				SDKROOT = macosx;
			};
			name = Debug;
		};
		F74D25681BDEF24B0098DC27 /* Release */ = {
			isa = XCBuildConfiguration;
			buildSettings = {
				ALWAYS_SEARCH_USER_PATHS = NO;
				CLANG_CXX_LANGUAGE_STANDARD = "gnu++0x";
				CLANG_CXX_LIBRARY = "libc++";
				CLANG_ENABLE_MODULES = YES;
				CLANG_ENABLE_OBJC_ARC = YES;
				CLANG_WARN_BOOL_CONVERSION = YES;
				CLANG_WARN_CONSTANT_CONVERSION = YES;
				CLANG_WARN_DIRECT_OBJC_ISA_USAGE = YES_ERROR;
				CLANG_WARN_EMPTY_BODY = YES;
				CLANG_WARN_ENUM_CONVERSION = YES;
				CLANG_WARN_INT_CONVERSION = YES;
				CLANG_WARN_OBJC_ROOT_CLASS = YES_ERROR;
				CLANG_WARN_UNREACHABLE_CODE = YES;
				CLANG_WARN__DUPLICATE_METHOD_MATCH = YES;
				CODE_SIGN_IDENTITY = "-";
				COPY_PHASE_STRIP = NO;
				DEBUG_INFORMATION_FORMAT = "dwarf-with-dsym";
				ENABLE_NS_ASSERTIONS = NO;
				ENABLE_STRICT_OBJC_MSGSEND = YES;
				GCC_C_LANGUAGE_STANDARD = gnu99;
				GCC_NO_COMMON_BLOCKS = YES;
				GCC_WARN_64_TO_32_BIT_CONVERSION = YES;
				GCC_WARN_ABOUT_RETURN_TYPE = YES_ERROR;
				GCC_WARN_UNDECLARED_SELECTOR = YES;
				GCC_WARN_UNINITIALIZED_AUTOS = YES_AGGRESSIVE;
				GCC_WARN_UNUSED_FUNCTION = YES;
				GCC_WARN_UNUSED_VARIABLE = YES;
				MACOSX_DEPLOYMENT_TARGET = 10.11;
				MTL_ENABLE_DEBUG_INFO = NO;
				SDKROOT = macosx;
			};
			name = Release;
		};
		F74D256A1BDEF24B0098DC27 /* Debug */ = {
			isa = XCBuildConfiguration;
			buildSettings = {
				PRODUCT_NAME = "$(TARGET_NAME)";
			};
			name = Debug;
		};
		F74D256B1BDEF24B0098DC27 /* Release */ = {
			isa = XCBuildConfiguration;
			buildSettings = {
				PRODUCT_NAME = "$(TARGET_NAME)";
			};
			name = Release;
		};
/* End XCBuildConfiguration section */

/* Begin XCConfigurationList section */
		F74D255D1BDEF24B0098DC27 /* Build configuration list for PBXProject "CS341_Midterm" */ = {
			isa = XCConfigurationList;
			buildConfigurations = (
				F74D25671BDEF24B0098DC27 /* Debug */,
				F74D25681BDEF24B0098DC27 /* Release */,
			);
			defaultConfigurationIsVisible = 0;
			defaultConfigurationName = Release;
		};
		F74D25691BDEF24B0098DC27 /* Build configuration list for PBXNativeTarget "CS341_Midterm" */ = {
			isa = XCConfigurationList;
			buildConfigurations = (
				F74D256A1BDEF24B0098DC27 /* Debug */,
				F74D256B1BDEF24B0098DC27 /* Release */,
			);
			defaultConfigurationIsVisible = 0;
			defaultConfigurationName = Release;
		};
/* End XCConfigurationList section */
	};
	rootObject = F74D255A1BDEF24B0098DC27 /* Project object */;
}
